
Microsoft Visual Studio Solution File, Format Version 12.00
# Visual Studio 14
VisualStudioVersion = 14.0.25420.1
MinimumVisualStudioVersion = 10.0.40219.1
Project("{FAE04EC0-301F-11D3-BF4B-00C04F79EFBC}") = "CameraCapture", "CameraCapture\CameraCapture.csproj", "{7C790E5E-559A-4754-8DAF-0270E70703F6}"
EndProject
Project("{FAE04EC0-301F-11D3-BF4B-00C04F79EFBC}") = "ShapeDetection1", "ShapeDetection1\ShapeDetection1.csproj", "{45B4137D-7A47-4A0C-B75D-BC2B05A069B3}"
EndProject
Project("{FAE04EC0-301F-11D3-BF4B-00C04F79EFBC}") = "HelloWorld", "Emgu_Learn_ConsoleApplication3\HelloWorld.csproj", "{426047CD-4E0E-4FB1-97EE-F0025D6795B0}"
EndProject
Project("{FAE04EC0-301F-11D3-BF4B-00C04F79EFBC}") = "FeatureDetection", "FeatureDetection\FeatureDetection.csproj", "{8CFB8FC5-860D-4900-A784-64383B8BE1C6}"
EndProject
Global
	GlobalSection(SolutionConfigurationPlatforms) = preSolution
		Debug|Any CPU = Debug|Any CPU
		Release|Any CPU = Release|Any CPU
	EndGlobalSection
	GlobalSection(ProjectConfigurationPlatforms) = postSolution
		{7C790E5E-559A-4754-8DAF-0270E70703F6}.Debug|Any CPU.ActiveCfg = Debug|Any CPU
		{7C790E5E-559A-4754-8DAF-0270E70703F6}.Debug|Any CPU.Build.0 = Debug|Any CPU
		{7C790E5E-559A-4754-8DAF-0270E70703F6}.Release|Any CPU.ActiveCfg = Release|Any CPU
		{7C790E5E-559A-4754-8DAF-0270E70703F6}.Release|Any CPU.Build.0 = Release|Any CPU
		{45B4137D-7A47-4A0C-B75D-BC2B05A069B3}.Debug|Any CPU.ActiveCfg = Debug|Any CPU
		{45B4137D-7A47-4A0C-B75D-BC2B05A069B3}.Debug|Any CPU.Build.0 = Debug|Any CPU
		{45B4137D-7A47-4A0C-B75D-BC2B05A069B3}.Release|Any CPU.ActiveCfg = Release|Any CPU
		{45B4137D-7A47-4A0C-B75D-BC2B05A069B3}.Release|Any CPU.Build.0 = Release|Any CPU
		{426047CD-4E0E-4FB1-97EE-F0025D6795B0}.Debug|Any CPU.ActiveCfg = Debug|Any CPU
		{426047CD-4E0E-4FB1-97EE-F0025D6795B0}.Debug|Any CPU.Build.0 = Debug|Any CPU
		{426047CD-4E0E-4FB1-97EE-F0025D6795B0}.Release|Any CPU.ActiveCfg = Release|Any CPU
		{426047CD-4E0E-4FB1-97EE-F0025D6795B0}.Release|Any CPU.Build.0 = Release|Any CPU
		{8CFB8FC5-860D-4900-A784-64383B8BE1C6}.Debug|Any CPU.ActiveCfg = Debug|Any CPU
		{8CFB8FC5-860D-4900-A784-64383B8BE1C6}.Debug|Any CPU.Build.0 = Debug|Any CPU
		{8CFB8FC5-860D-4900-A784-64383B8BE1C6}.Release|Any CPU.ActiveCfg = Release|Any CPU
		{8CFB8FC5-860D-4900-A784-64383B8BE1C6}.Release|Any CPU.Build.0 = Release|Any CPU
	EndGlobalSection
	GlobalSection(SolutionProperties) = preSolution
		HideSolutionNode = FALSE
	EndGlobalSection
EndGlobal
